
Microsoft Visual Studio Solution File, Format Version 12.00
# Visual Studio 15
VisualStudioVersion = 15.0.27130.2010
MinimumVisualStudioVersion = 10.0.40219.1
Project("{00D1A9C2-B5F0-4AF3-8072-F6C62B433612}") = "ProjectFoodDB", "ProjectFoodDB\ProjectFoodDB.sqlproj", "{68766531-E1CA-4F53-9A7A-C157E80CDDA8}"
EndProject
Global
	GlobalSection(SolutionConfigurationPlatforms) = preSolution
		Debug|Any CPU = Debug|Any CPU
		Release|Any CPU = Release|Any CPU
	EndGlobalSection
	GlobalSection(ProjectConfigurationPlatforms) = postSolution
		{68766531-E1CA-4F53-9A7A-C157E80CDDA8}.Debug|Any CPU.ActiveCfg = Debug|Any CPU
		{68766531-E1CA-4F53-9A7A-C157E80CDDA8}.Debug|Any CPU.Build.0 = Debug|Any CPU
		{68766531-E1CA-4F53-9A7A-C157E80CDDA8}.Debug|Any CPU.Deploy.0 = Debug|Any CPU
		{68766531-E1CA-4F53-9A7A-C157E80CDDA8}.Release|Any CPU.ActiveCfg = Release|Any CPU
		{68766531-E1CA-4F53-9A7A-C157E80CDDA8}.Release|Any CPU.Build.0 = Release|Any CPU
		{68766531-E1CA-4F53-9A7A-C157E80CDDA8}.Release|Any CPU.Deploy.0 = Release|Any CPU
	EndGlobalSection
	GlobalSection(SolutionProperties) = preSolution
		HideSolutionNode = FALSE
	EndGlobalSection
	GlobalSection(ExtensibilityGlobals) = postSolution
		SolutionGuid = {DFC3C34F-FC93-4264-AF9A-15CC9A3DE55A}
	EndGlobalSection
EndGlobal
